
Microsoft Visual Studio Solution File, Format Version 12.00
# Visual Studio Version 16
VisualStudioVersion = 16.0.31424.327
MinimumVisualStudioVersion = 10.0.40219.1
Project("{FAE04EC0-301F-11D3-BF4B-00C04F79EFBC}") = "Casino", "Casino\Casino.csproj", "{10BB4279-7B64-498A-BCDD-38C25CD79403}"
EndProject
Global
	GlobalSection(SolutionConfigurationPlatforms) = preSolution
		Debug|Any CPU = Debug|Any CPU
		Release|Any CPU = Release|Any CPU
	EndGlobalSection
	GlobalSection(ProjectConfigurationPlatforms) = postSolution
		{10BB4279-7B64-498A-BCDD-38C25CD79403}.Debug|Any CPU.ActiveCfg = Debug|Any CPU
		{10BB4279-7B64-498A-BCDD-38C25CD79403}.Debug|Any CPU.Build.0 = Debug|Any CPU
		{10BB4279-7B64-498A-BCDD-38C25CD79403}.Release|Any CPU.ActiveCfg = Release|Any CPU
		{10BB4279-7B64-498A-BCDD-38C25CD79403}.Release|Any CPU.Build.0 = Release|Any CPU
	EndGlobalSection
	GlobalSection(SolutionProperties) = preSolution
		HideSolutionNode = FALSE
	EndGlobalSection
	GlobalSection(ExtensibilityGlobals) = postSolution
		SolutionGuid = {86C5C574-5293-4628-9E4D-3FE733AC4E84}
	EndGlobalSection
EndGlobal
